// !$*UTF8*$!
{
	archiveVersion = 1;
	classes = {
	};
	objectVersion = 46;
	objects = {

/* Begin PBXBuildFile section */
		F611D9C21BB094F7000E6723 /* DrawingUtils.swift in Sources */ = {isa = PBXBuildFile; fileRef = F611D9C11BB094F7000E6723 /* DrawingUtils.swift */; };
		F611D9C41BB09707000E6723 /* FaceView.swift in Sources */ = {isa = PBXBuildFile; fileRef = F611D9C31BB09707000E6723 /* FaceView.swift */; };
		F62819B61BAFF6AA008C1D7B /* AppDelegate.swift in Sources */ = {isa = PBXBuildFile; fileRef = F62819B51BAFF6AA008C1D7B /* AppDelegate.swift */; };
		F62819B81BAFF6AA008C1D7B /* ViewController.swift in Sources */ = {isa = PBXBuildFile; fileRef = F62819B71BAFF6AA008C1D7B /* ViewController.swift */; };
		F62819BB1BAFF6AA008C1D7B /* Main.storyboard in Resources */ = {isa = PBXBuildFile; fileRef = F62819B91BAFF6AA008C1D7B /* Main.storyboard */; };
		F62819BD1BAFF6AA008C1D7B /* Images.xcassets in Resources */ = {isa = PBXBuildFile; fileRef = F62819BC1BAFF6AA008C1D7B /* Images.xcassets */; };
		F62819C01BAFF6AA008C1D7B /* LaunchScreen.xib in Resources */ = {isa = PBXBuildFile; fileRef = F62819BE1BAFF6AA008C1D7B /* LaunchScreen.xib */; };
		F62819CC1BAFF6AA008C1D7B /* GiffingBuilder_iOSTests.swift in Sources */ = {isa = PBXBuildFile; fileRef = F62819CB1BAFF6AA008C1D7B /* GiffingBuilder_iOSTests.swift */; };
		F62819D91BAFF6DD008C1D7B /* FrameItem.swift in Sources */ = {isa = PBXBuildFile; fileRef = F62819D51BAFF6DD008C1D7B /* FrameItem.swift */; };
		F62819DA1BAFF6DD008C1D7B /* Infos.swift in Sources */ = {isa = PBXBuildFile; fileRef = F62819D61BAFF6DD008C1D7B /* Infos.swift */; };
		F62819DB1BAFF6DD008C1D7B /* MainView.swift in Sources */ = {isa = PBXBuildFile; fileRef = F62819D71BAFF6DD008C1D7B /* MainView.swift */; };
		F62819DC1BAFF6DD008C1D7B /* TestVC.swift in Sources */ = {isa = PBXBuildFile; fileRef = F62819D81BAFF6DD008C1D7B /* TestVC.swift */; };
		FD845EC31BC1B09E008086D8 /* GifBuilderDAO.swift in Sources */ = {isa = PBXBuildFile; fileRef = FD845EC21BC1B09E008086D8 /* GifBuilderDAO.swift */; };
/* End PBXBuildFile section */

/* Begin PBXContainerItemProxy section */
		F62819C61BAFF6AA008C1D7B /* PBXContainerItemProxy */ = {
			isa = PBXContainerItemProxy;
			containerPortal = F62819A81BAFF6AA008C1D7B /* Project object */;
			proxyType = 1;
			remoteGlobalIDString = F62819AF1BAFF6AA008C1D7B;
			remoteInfo = "GiffingBuilder-iOS";
		};
/* End PBXContainerItemProxy section */

/* Begin PBXFileReference section */
		F611D9C11BB094F7000E6723 /* DrawingUtils.swift */ = {isa = PBXFileReference; fileEncoding = 4; lastKnownFileType = sourcecode.swift; path = DrawingUtils.swift; sourceTree = "<group>"; };
		F611D9C31BB09707000E6723 /* FaceView.swift */ = {isa = PBXFileReference; fileEncoding = 4; lastKnownFileType = sourcecode.swift; path = FaceView.swift; sourceTree = "<group>"; };
		F62819B01BAFF6AA008C1D7B /* GiffingBuilder-iOS.app */ = {isa = PBXFileReference; explicitFileType = wrapper.application; includeInIndex = 0; path = "GiffingBuilder-iOS.app"; sourceTree = BUILT_PRODUCTS_DIR; };
		F62819B41BAFF6AA008C1D7B /* Info.plist */ = {isa = PBXFileReference; lastKnownFileType = text.plist.xml; path = Info.plist; sourceTree = "<group>"; };
		F62819B51BAFF6AA008C1D7B /* AppDelegate.swift */ = {isa = PBXFileReference; lastKnownFileType = sourcecode.swift; path = AppDelegate.swift; sourceTree = "<group>"; };
		F62819B71BAFF6AA008C1D7B /* ViewController.swift */ = {isa = PBXFileReference; lastKnownFileType = sourcecode.swift; path = ViewController.swift; sourceTree = "<group>"; };
		F62819BA1BAFF6AA008C1D7B /* Base */ = {isa = PBXFileReference; lastKnownFileType = file.storyboard; name = Base; path = Base.lproj/Main.storyboard; sourceTree = "<group>"; };
		F62819BC1BAFF6AA008C1D7B /* Images.xcassets */ = {isa = PBXFileReference; lastKnownFileType = folder.assetcatalog; path = Images.xcassets; sourceTree = "<group>"; };
		F62819BF1BAFF6AA008C1D7B /* Base */ = {isa = PBXFileReference; lastKnownFileType = file.xib; name = Base; path = Base.lproj/LaunchScreen.xib; sourceTree = "<group>"; };
		F62819C51BAFF6AA008C1D7B /* GiffingBuilder-iOSTests.xctest */ = {isa = PBXFileReference; explicitFileType = wrapper.cfbundle; includeInIndex = 0; path = "GiffingBuilder-iOSTests.xctest"; sourceTree = BUILT_PRODUCTS_DIR; };
		F62819CA1BAFF6AA008C1D7B /* Info.plist */ = {isa = PBXFileReference; lastKnownFileType = text.plist.xml; path = Info.plist; sourceTree = "<group>"; };
		F62819CB1BAFF6AA008C1D7B /* GiffingBuilder_iOSTests.swift */ = {isa = PBXFileReference; lastKnownFileType = sourcecode.swift; path = GiffingBuilder_iOSTests.swift; sourceTree = "<group>"; };
		F62819D51BAFF6DD008C1D7B /* FrameItem.swift */ = {isa = PBXFileReference; fileEncoding = 4; lastKnownFileType = sourcecode.swift; name = FrameItem.swift; path = ../../GifBuilder/GifBuilder/FrameItem.swift; sourceTree = "<group>"; };
		F62819D61BAFF6DD008C1D7B /* Infos.swift */ = {isa = PBXFileReference; fileEncoding = 4; lastKnownFileType = sourcecode.swift; name = Infos.swift; path = ../../GifBuilder/GifBuilder/Infos.swift; sourceTree = "<group>"; };
		F62819D71BAFF6DD008C1D7B /* MainView.swift */ = {isa = PBXFileReference; fileEncoding = 4; lastKnownFileType = sourcecode.swift; name = MainView.swift; path = ../../GifBuilder/GifBuilder/MainView.swift; sourceTree = "<group>"; };
		F62819D81BAFF6DD008C1D7B /* TestVC.swift */ = {isa = PBXFileReference; fileEncoding = 4; lastKnownFileType = sourcecode.swift; name = TestVC.swift; path = ../../GifBuilder/GifBuilder/TestVC.swift; sourceTree = "<group>"; };
		FD845EC21BC1B09E008086D8 /* GifBuilderDAO.swift */ = {isa = PBXFileReference; fileEncoding = 4; lastKnownFileType = sourcecode.swift; path = GifBuilderDAO.swift; sourceTree = "<group>"; };
/* End PBXFileReference section */

/* Begin PBXFrameworksBuildPhase section */
		F62819AD1BAFF6AA008C1D7B /* Frameworks */ = {
			isa = PBXFrameworksBuildPhase;
			buildActionMask = 2147483647;
			files = (
			);
			runOnlyForDeploymentPostprocessing = 0;
		};
		F62819C21BAFF6AA008C1D7B /* Frameworks */ = {
			isa = PBXFrameworksBuildPhase;
			buildActionMask = 2147483647;
			files = (
			);
			runOnlyForDeploymentPostprocessing = 0;
		};
/* End PBXFrameworksBuildPhase section */

/* Begin PBXGroup section */
		F62819A71BAFF6AA008C1D7B = {
			isa = PBXGroup;
			children = (
				F62819B21BAFF6AA008C1D7B /* GiffingBuilder-iOS */,
				F62819C81BAFF6AA008C1D7B /* GiffingBuilder-iOSTests */,
				F62819B11BAFF6AA008C1D7B /* Products */,
			);
			sourceTree = "<group>";
		};
		F62819B11BAFF6AA008C1D7B /* Products */ = {
			isa = PBXGroup;
			children = (
				F62819B01BAFF6AA008C1D7B /* GiffingBuilder-iOS.app */,
				F62819C51BAFF6AA008C1D7B /* GiffingBuilder-iOSTests.xctest */,
			);
			name = Products;
			sourceTree = "<group>";
		};
		F62819B21BAFF6AA008C1D7B /* GiffingBuilder-iOS */ = {
			isa = PBXGroup;
			children = (
				F62819D51BAFF6DD008C1D7B /* FrameItem.swift */,
				F62819D61BAFF6DD008C1D7B /* Infos.swift */,
				F62819D71BAFF6DD008C1D7B /* MainView.swift */,
				F62819D81BAFF6DD008C1D7B /* TestVC.swift */,
				FD845EC21BC1B09E008086D8 /* GifBuilderDAO.swift */,
				F611D9C31BB09707000E6723 /* FaceView.swift */,
				F611D9C11BB094F7000E6723 /* DrawingUtils.swift */,
				F62819B51BAFF6AA008C1D7B /* AppDelegate.swift */,
				F62819B71BAFF6AA008C1D7B /* ViewController.swift */,
				F62819B91BAFF6AA008C1D7B /* Main.storyboard */,
				F62819BC1BAFF6AA008C1D7B /* Images.xcassets */,
				F62819BE1BAFF6AA008C1D7B /* LaunchScreen.xib */,
				F62819B31BAFF6AA008C1D7B /* Supporting Files */,
			);
			path = "GiffingBuilder-iOS";
			sourceTree = "<group>";
		};
		F62819B31BAFF6AA008C1D7B /* Supporting Files */ = {
			isa = PBXGroup;
			children = (
				F62819B41BAFF6AA008C1D7B /* Info.plist */,
			);
			name = "Supporting Files";
			sourceTree = "<group>";
		};
		F62819C81BAFF6AA008C1D7B /* GiffingBuilder-iOSTests */ = {
			isa = PBXGroup;
			children = (
				F62819CB1BAFF6AA008C1D7B /* GiffingBuilder_iOSTests.swift */,
				F62819C91BAFF6AA008C1D7B /* Supporting Files */,
			);
			path = "GiffingBuilder-iOSTests";
			sourceTree = "<group>";
		};
		F62819C91BAFF6AA008C1D7B /* Supporting Files */ = {
			isa = PBXGroup;
			children = (
				F62819CA1BAFF6AA008C1D7B /* Info.plist */,
			);
			name = "Supporting Files";
			sourceTree = "<group>";
		};
/* End PBXGroup section */

/* Begin PBXNativeTarget section */
		F62819AF1BAFF6AA008C1D7B /* GiffingBuilder-iOS */ = {
			isa = PBXNativeTarget;
			buildConfigurationList = F62819CF1BAFF6AA008C1D7B /* Build configuration list for PBXNativeTarget "GiffingBuilder-iOS" */;
			buildPhases = (
				F62819AC1BAFF6AA008C1D7B /* Sources */,
				F62819AD1BAFF6AA008C1D7B /* Frameworks */,
				F62819AE1BAFF6AA008C1D7B /* Resources */,
			);
			buildRules = (
			);
			dependencies = (
			);
			name = "GiffingBuilder-iOS";
			productName = "GiffingBuilder-iOS";
			productReference = F62819B01BAFF6AA008C1D7B /* GiffingBuilder-iOS.app */;
			productType = "com.apple.product-type.application";
		};
		F62819C41BAFF6AA008C1D7B /* GiffingBuilder-iOSTests */ = {
			isa = PBXNativeTarget;
			buildConfigurationList = F62819D21BAFF6AA008C1D7B /* Build configuration list for PBXNativeTarget "GiffingBuilder-iOSTests" */;
			buildPhases = (
				F62819C11BAFF6AA008C1D7B /* Sources */,
				F62819C21BAFF6AA008C1D7B /* Frameworks */,
				F62819C31BAFF6AA008C1D7B /* Resources */,
			);
			buildRules = (
			);
			dependencies = (
				F62819C71BAFF6AA008C1D7B /* PBXTargetDependency */,
			);
			name = "GiffingBuilder-iOSTests";
			productName = "GiffingBuilder-iOSTests";
			productReference = F62819C51BAFF6AA008C1D7B /* GiffingBuilder-iOSTests.xctest */;
			productType = "com.apple.product-type.bundle.unit-test";
		};
/* End PBXNativeTarget section */

/* Begin PBXProject section */
		F62819A81BAFF6AA008C1D7B /* Project object */ = {
			isa = PBXProject;
			attributes = {
				LastSwiftUpdateCheck = 0700;
				LastUpgradeCheck = 0640;
				ORGANIZATIONNAME = "Pietro Pepe";
				TargetAttributes = {
					F62819AF1BAFF6AA008C1D7B = {
						CreatedOnToolsVersion = 6.4;
					};
					F62819C41BAFF6AA008C1D7B = {
						CreatedOnToolsVersion = 6.4;
						TestTargetID = F62819AF1BAFF6AA008C1D7B;
					};
				};
			};
			buildConfigurationList = F62819AB1BAFF6AA008C1D7B /* Build configuration list for PBXProject "GiffingBuilder-iOS" */;
			compatibilityVersion = "Xcode 3.2";
			developmentRegion = English;
			hasScannedForEncodings = 0;
			knownRegions = (
				en,
				Base,
			);
			mainGroup = F62819A71BAFF6AA008C1D7B;
			productRefGroup = F62819B11BAFF6AA008C1D7B /* Products */;
			projectDirPath = "";
			projectRoot = "";
			targets = (
				F62819AF1BAFF6AA008C1D7B /* GiffingBuilder-iOS */,
				F62819C41BAFF6AA008C1D7B /* GiffingBuilder-iOSTests */,
			);
		};
/* End PBXProject section */

/* Begin PBXResourcesBuildPhase section */
		F62819AE1BAFF6AA008C1D7B /* Resources */ = {
			isa = PBXResourcesBuildPhase;
			buildActionMask = 2147483647;
			files = (
				F62819BB1BAFF6AA008C1D7B /* Main.storyboard in Resources */,
				F62819C01BAFF6AA008C1D7B /* LaunchScreen.xib in Resources */,
				F62819BD1BAFF6AA008C1D7B /* Images.xcassets in Resources */,
			);
			runOnlyForDeploymentPostprocessing = 0;
		};
		F62819C31BAFF6AA008C1D7B /* Resources */ = {
			isa = PBXResourcesBuildPhase;
			buildActionMask = 2147483647;
			files = (
			);
			runOnlyForDeploymentPostprocessing = 0;
		};
/* End PBXResourcesBuildPhase section */

/* Begin PBXSourcesBuildPhase section */
		F62819AC1BAFF6AA008C1D7B /* Sources */ = {
			isa = PBXSourcesBuildPhase;
			buildActionMask = 2147483647;
			files = (
				F62819B81BAFF6AA008C1D7B /* ViewController.swift in Sources */,
				FD845EC31BC1B09E008086D8 /* GifBuilderDAO.swift in Sources */,
				F611D9C21BB094F7000E6723 /* DrawingUtils.swift in Sources */,
				F62819DA1BAFF6DD008C1D7B /* Infos.swift in Sources */,
				F611D9C41BB09707000E6723 /* FaceView.swift in Sources */,
				F62819B61BAFF6AA008C1D7B /* AppDelegate.swift in Sources */,
				F62819DB1BAFF6DD008C1D7B /* MainView.swift in Sources */,
				F62819DC1BAFF6DD008C1D7B /* TestVC.swift in Sources */,
				F62819D91BAFF6DD008C1D7B /* FrameItem.swift in Sources */,
			);
			runOnlyForDeploymentPostprocessing = 0;
		};
		F62819C11BAFF6AA008C1D7B /* Sources */ = {
			isa = PBXSourcesBuildPhase;
			buildActionMask = 2147483647;
			files = (
				F62819CC1BAFF6AA008C1D7B /* GiffingBuilder_iOSTests.swift in Sources */,
			);
			runOnlyForDeploymentPostprocessing = 0;
		};
/* End PBXSourcesBuildPhase section */

/* Begin PBXTargetDependency section */
		F62819C71BAFF6AA008C1D7B /* PBXTargetDependency */ = {
			isa = PBXTargetDependency;
			target = F62819AF1BAFF6AA008C1D7B /* GiffingBuilder-iOS */;
			targetProxy = F62819C61BAFF6AA008C1D7B /* PBXContainerItemProxy */;
		};
/* End PBXTargetDependency section */

/* Begin PBXVariantGroup section */
		F62819B91BAFF6AA008C1D7B /* Main.storyboard */ = {
			isa = PBXVariantGroup;
			children = (
				F62819BA1BAFF6AA008C1D7B /* Base */,
			);
			name = Main.storyboard;
			sourceTree = "<group>";
		};
		F62819BE1BAFF6AA008C1D7B /* LaunchScreen.xib */ = {
			isa = PBXVariantGroup;
			children = (
				F62819BF1BAFF6AA008C1D7B /* Base */,
			);
			name = LaunchScreen.xib;
			sourceTree = "<group>";
		};
/* End PBXVariantGroup section */

/* Begin XCBuildConfiguration section */
		F62819CD1BAFF6AA008C1D7B /* Debug */ = {
			isa = XCBuildConfiguration;
			buildSettings = {
				ALWAYS_SEARCH_USER_PATHS = NO;
				CLANG_CXX_LANGUAGE_STANDARD = "gnu++0x";
				CLANG_CXX_LIBRARY = "libc++";
				CLANG_ENABLE_MODULES = YES;
				CLANG_ENABLE_OBJC_ARC = YES;
				CLANG_WARN_BOOL_CONVERSION = YES;
				CLANG_WARN_CONSTANT_CONVERSION = YES;
				CLANG_WARN_DIRECT_OBJC_ISA_USAGE = YES_ERROR;
				CLANG_WARN_EMPTY_BODY = YES;
				CLANG_WARN_ENUM_CONVERSION = YES;
				CLANG_WARN_INT_CONVERSION = YES;
				CLANG_WARN_OBJC_ROOT_CLASS = YES_ERROR;
				CLANG_WARN_UNREACHABLE_CODE = YES;
				CLANG_WARN__DUPLICATE_METHOD_MATCH = YES;
				"CODE_SIGN_IDENTITY[sdk=iphoneos*]" = "iPhone Developer";
				COPY_PHASE_STRIP = NO;
				DEBUG_INFORMATION_FORMAT = "dwarf-with-dsym";
				ENABLE_STRICT_OBJC_MSGSEND = YES;
				GCC_C_LANGUAGE_STANDARD = gnu99;
				GCC_DYNAMIC_NO_PIC = NO;
				GCC_NO_COMMON_BLOCKS = YES;
				GCC_OPTIMIZATION_LEVEL = 0;
				GCC_PREPROCESSOR_DEFINITIONS = (
					"DEBUG=1",
					"$(inherited)",
				);
				GCC_SYMBOLS_PRIVATE_EXTERN = NO;
				GCC_WARN_64_TO_32_BIT_CONVERSION = YES;
				GCC_WARN_ABOUT_RETURN_TYPE = YES_ERROR;
				GCC_WARN_UNDECLARED_SELECTOR = YES;
				GCC_WARN_UNINITIALIZED_AUTOS = YES_AGGRESSIVE;
				GCC_WARN_UNUSED_FUNCTION = YES;
				GCC_WARN_UNUSED_VARIABLE = YES;
				IPHONEOS_DEPLOYMENT_TARGET = 8.4;
				MTL_ENABLE_DEBUG_INFO = YES;
				ONLY_ACTIVE_ARCH = YES;
				SDKROOT = iphoneos;
				SWIFT_OPTIMIZATION_LEVEL = "-Onone";
				TARGETED_DEVICE_FAMILY = "1,2";
			};
			name = Debug;
		};
		F62819CE1BAFF6AA008C1D7B /* Release */ = {
			isa = XCBuildConfiguration;
			buildSettings = {
				ALWAYS_SEARCH_USER_PATHS = NO;
				CLANG_CXX_LANGUAGE_STANDARD = "gnu++0x";
				CLANG_CXX_LIBRARY = "libc++";
				CLANG_ENABLE_MODULES = YES;
				CLANG_ENABLE_OBJC_ARC = YES;
				CLANG_WARN_BOOL_CONVERSION = YES;
				CLANG_WARN_CONSTANT_CONVERSION = YES;
				CLANG_WARN_DIRECT_OBJC_ISA_USAGE = YES_ERROR;
				CLANG_WARN_EMPTY_BODY = YES;
				CLANG_WARN_ENUM_CONVERSION = YES;
				CLANG_WARN_INT_CONVERSION = YES;
				CLANG_WARN_OBJC_ROOT_CLASS = YES_ERROR;
				CLANG_WARN_UNREACHABLE_CODE = YES;
				CLANG_WARN__DUPLICATE_METHOD_MATCH = YES;
				"CODE_SIGN_IDENTITY[sdk=iphoneos*]" = "iPhone Developer";
				COPY_PHASE_STRIP = NO;
				DEBUG_INFORMATION_FORMAT = "dwarf-with-dsym";
				ENABLE_NS_ASSERTIONS = NO;
				ENABLE_STRICT_OBJC_MSGSEND = YES;
				GCC_C_LANGUAGE_STANDARD = gnu99;
				GCC_NO_COMMON_BLOCKS = YES;
				GCC_WARN_64_TO_32_BIT_CONVERSION = YES;
				GCC_WARN_ABOUT_RETURN_TYPE = YES_ERROR;
				GCC_WARN_UNDECLARED_SELECTOR = YES;
				GCC_WARN_UNINITIALIZED_AUTOS = YES_AGGRESSIVE;
				GCC_WARN_UNUSED_FUNCTION = YES;
				GCC_WARN_UNUSED_VARIABLE = YES;
				IPHONEOS_DEPLOYMENT_TARGET = 8.4;
				MTL_ENABLE_DEBUG_INFO = NO;
				SDKROOT = iphoneos;
				TARGETED_DEVICE_FAMILY = "1,2";
				VALIDATE_PRODUCT = YES;
			};
			name = Release;
		};
		F62819D01BAFF6AA008C1D7B /* Debug */ = {
			isa = XCBuildConfiguration;
			buildSettings = {
				ASSETCATALOG_COMPILER_APPICON_NAME = AppIcon;
				INFOPLIST_FILE = "GiffingBuilder-iOS/Info.plist";
				IPHONEOS_DEPLOYMENT_TARGET = 8.0;
				LD_RUNPATH_SEARCH_PATHS = "$(inherited) @executable_path/Frameworks";
				PRODUCT_NAME = "$(TARGET_NAME)";
			};
			name = Debug;
		};
		F62819D11BAFF6AA008C1D7B /* Release */ = {
			isa = XCBuildConfiguration;
			buildSettings = {
				ASSETCATALOG_COMPILER_APPICON_NAME = AppIcon;
				INFOPLIST_FILE = "GiffingBuilder-iOS/Info.plist";
				IPHONEOS_DEPLOYMENT_TARGET = 8.0;
				LD_RUNPATH_SEARCH_PATHS = "$(inherited) @executable_path/Frameworks";
				PRODUCT_NAME = "$(TARGET_NAME)";
			};
			name = Release;
		};
		F62819D31BAFF6AA008C1D7B /* Debug */ = {
			isa = XCBuildConfiguration;
			buildSettings = {
				BUNDLE_LOADER = "$(TEST_HOST)";
				FRAMEWORK_SEARCH_PATHS = (
					"$(SDKROOT)/Developer/Library/Frameworks",
					"$(inherited)",
				);
				GCC_PREPROCESSOR_DEFINITIONS = (
					"DEBUG=1",
					"$(inherited)",
				);
				INFOPLIST_FILE = "GiffingBuilder-iOSTests/Info.plist";
				LD_RUNPATH_SEARCH_PATHS = "$(inherited) @executable_path/Frameworks @loader_path/Frameworks";
				PRODUCT_NAME = "$(TARGET_NAME)";
				TEST_HOST = "$(BUILT_PRODUCTS_DIR)/GiffingBuilder-iOS.app/GiffingBuilder-iOS";
			};
			name = Debug;
		};
		F62819D41BAFF6AA008C1D7B /* Release */ = {
			isa = XCBuildConfiguration;
			buildSettings = {
				BUNDLE_LOADER = "$(TEST_HOST)";
				FRAMEWORK_SEARCH_PATHS = (
					"$(SDKROOT)/Developer/Library/Frameworks",
					"$(inherited)",
				);
				INFOPLIST_FILE = "GiffingBuilder-iOSTests/Info.plist";
				LD_RUNPATH_SEARCH_PATHS = "$(inherited) @executable_path/Frameworks @loader_path/Frameworks";
				PRODUCT_NAME = "$(TARGET_NAME)";
				TEST_HOST = "$(BUILT_PRODUCTS_DIR)/GiffingBuilder-iOS.app/GiffingBuilder-iOS";
			};
			name = Release;
		};
/* End XCBuildConfiguration section */

/* Begin XCConfigurationList section */
		F62819AB1BAFF6AA008C1D7B /* Build configuration list for PBXProject "GiffingBuilder-iOS" */ = {
			isa = XCConfigurationList;
			buildConfigurations = (
				F62819CD1BAFF6AA008C1D7B /* Debug */,
				F62819CE1BAFF6AA008C1D7B /* Release */,
			);
			defaultConfigurationIsVisible = 0;
			defaultConfigurationName = Release;
		};
		F62819CF1BAFF6AA008C1D7B /* Build configuration list for PBXNativeTarget "GiffingBuilder-iOS" */ = {
			isa = XCConfigurationList;
			buildConfigurations = (
				F62819D01BAFF6AA008C1D7B /* Debug */,
				F62819D11BAFF6AA008C1D7B /* Release */,
			);
			defaultConfigurationIsVisible = 0;
			defaultConfigurationName = Release;
		};
		F62819D21BAFF6AA008C1D7B /* Build configuration list for PBXNativeTarget "GiffingBuilder-iOSTests" */ = {
			isa = XCConfigurationList;
			buildConfigurations = (
				F62819D31BAFF6AA008C1D7B /* Debug */,
				F62819D41BAFF6AA008C1D7B /* Release */,
			);
			defaultConfigurationIsVisible = 0;
			defaultConfigurationName = Release;
		};
/* End XCConfigurationList section */
	};
	rootObject = F62819A81BAFF6AA008C1D7B /* Project object */;
}
